
Microsoft Visual Studio Solution File, Format Version 12.00
# Visual Studio Version 17
VisualStudioVersion = 17.3.32929.385
MinimumVisualStudioVersion = 10.0.40219.1
Project("{FAE04EC0-301F-11D3-BF4B-00C04F79EFBC}") = "Abstraction.ConsoleApp", "Abstraction.ConsoleApp\Abstraction.ConsoleApp.csproj", "{1527AF51-1414-4DAC-A44A-138B3277FB5F}"
EndProject
Project("{FAE04EC0-301F-11D3-BF4B-00C04F79EFBC}") = "Abstraction.Core", "Abstracton.Core\Abstraction.Core.csproj", "{4BE5BD92-D7B5-45E0-9B92-5A92C08E0345}"
EndProject
Project("{FAE04EC0-301F-11D3-BF4B-00C04F79EFBC}") = "Abstraction.Test", "Abstraction.Test\Abstraction.Test.csproj", "{EE182A6D-4113-4E16-A4C1-938F75A086D7}"
EndProject
Global
	GlobalSection(SolutionConfigurationPlatforms) = preSolution
		Debug|Any CPU = Debug|Any CPU
		Release|Any CPU = Release|Any CPU
	EndGlobalSection
	GlobalSection(ProjectConfigurationPlatforms) = postSolution
		{1527AF51-1414-4DAC-A44A-138B3277FB5F}.Debug|Any CPU.ActiveCfg = Debug|Any CPU
		{1527AF51-1414-4DAC-A44A-138B3277FB5F}.Debug|Any CPU.Build.0 = Debug|Any CPU
		{1527AF51-1414-4DAC-A44A-138B3277FB5F}.Release|Any CPU.ActiveCfg = Release|Any CPU
		{1527AF51-1414-4DAC-A44A-138B3277FB5F}.Release|Any CPU.Build.0 = Release|Any CPU
		{4BE5BD92-D7B5-45E0-9B92-5A92C08E0345}.Debug|Any CPU.ActiveCfg = Debug|Any CPU
		{4BE5BD92-D7B5-45E0-9B92-5A92C08E0345}.Debug|Any CPU.Build.0 = Debug|Any CPU
		{4BE5BD92-D7B5-45E0-9B92-5A92C08E0345}.Release|Any CPU.ActiveCfg = Release|Any CPU
		{4BE5BD92-D7B5-45E0-9B92-5A92C08E0345}.Release|Any CPU.Build.0 = Release|Any CPU
		{EE182A6D-4113-4E16-A4C1-938F75A086D7}.Debug|Any CPU.ActiveCfg = Debug|Any CPU
		{EE182A6D-4113-4E16-A4C1-938F75A086D7}.Debug|Any CPU.Build.0 = Debug|Any CPU
		{EE182A6D-4113-4E16-A4C1-938F75A086D7}.Release|Any CPU.ActiveCfg = Release|Any CPU
		{EE182A6D-4113-4E16-A4C1-938F75A086D7}.Release|Any CPU.Build.0 = Release|Any CPU
	EndGlobalSection
	GlobalSection(SolutionProperties) = preSolution
		HideSolutionNode = FALSE
	EndGlobalSection
	GlobalSection(ExtensibilityGlobals) = postSolution
		SolutionGuid = {4998F1D5-EA6A-49C3-B4A2-CD7068623DCC}
	EndGlobalSection
EndGlobal
